// !$*UTF8*$!
{
	archiveVersion = 1;
	classes = {
	};
	objectVersion = 46;
	objects = {

/* Begin PBXBuildFile section */
		793F6FB516EF7BF700C2FDFD /* NSManagedObject+dataHelper.m in Sources */ = {isa = PBXBuildFile; fileRef = 793F6FB416EF7BF700C2FDFD /* NSManagedObject+dataHelper.m */; };
		8378F56F16D53CF000406E2A /* UIKit.framework in Frameworks */ = {isa = PBXBuildFile; fileRef = 8378F56E16D53CF000406E2A /* UIKit.framework */; };
		8378F57116D53CF000406E2A /* Foundation.framework in Frameworks */ = {isa = PBXBuildFile; fileRef = 8378F57016D53CF000406E2A /* Foundation.framework */; };
		8378F57316D53CF000406E2A /* CoreGraphics.framework in Frameworks */ = {isa = PBXBuildFile; fileRef = 8378F57216D53CF000406E2A /* CoreGraphics.framework */; };
		8378F57916D53CF000406E2A /* InfoPlist.strings in Resources */ = {isa = PBXBuildFile; fileRef = 8378F57716D53CF000406E2A /* InfoPlist.strings */; };
		8378F57B16D53CF000406E2A /* main.m in Sources */ = {isa = PBXBuildFile; fileRef = 8378F57A16D53CF000406E2A /* main.m */; };
		8378F57F16D53CF000406E2A /* MMAppDelegate.m in Sources */ = {isa = PBXBuildFile; fileRef = 8378F57E16D53CF000406E2A /* MMAppDelegate.m */; };
		8378F58116D53CF000406E2A /* Default.png in Resources */ = {isa = PBXBuildFile; fileRef = 8378F58016D53CF000406E2A /* Default.png */; };
		8378F58316D53CF000406E2A /* Default@2x.png in Resources */ = {isa = PBXBuildFile; fileRef = 8378F58216D53CF000406E2A /* Default@2x.png */; };
		8378F58516D53CF000406E2A /* Default-568h@2x.png in Resources */ = {isa = PBXBuildFile; fileRef = 8378F58416D53CF000406E2A /* Default-568h@2x.png */; };
		8378F58816D53CF000406E2A /* MainStoryboard.storyboard in Resources */ = {isa = PBXBuildFile; fileRef = 8378F58616D53CF000406E2A /* MainStoryboard.storyboard */; };
		8378F58B16D53CF000406E2A /* MMViewController.m in Sources */ = {isa = PBXBuildFile; fileRef = 8378F58A16D53CF000406E2A /* MMViewController.m */; };
		83A56A4816F257C400BD75D7 /* Person.m in Sources */ = {isa = PBXBuildFile; fileRef = 83A56A4716F257C400BD75D7 /* Person.m */; };
		83A56A4B16F257C400BD75D7 /* Geek.m in Sources */ = {isa = PBXBuildFile; fileRef = 83A56A4A16F257C400BD75D7 /* Geek.m */; };
		83A56A4E16F257C400BD75D7 /* Freak.m in Sources */ = {isa = PBXBuildFile; fileRef = 83A56A4D16F257C400BD75D7 /* Freak.m */; };
		93C346B116EE598E00BB8B52 /* Model.xcdatamodeld in Sources */ = {isa = PBXBuildFile; fileRef = 93C346AF16EE598E00BB8B52 /* Model.xcdatamodeld */; };
		93C346B616EE5E4200BB8B52 /* CoreData.framework in Frameworks */ = {isa = PBXBuildFile; fileRef = 93C346B516EE5E4200BB8B52 /* CoreData.framework */; };
/* End PBXBuildFile section */

/* Begin PBXFileReference section */
		793F6FB316EF7BF700C2FDFD /* NSManagedObject+dataHelper.h */ = {isa = PBXFileReference; fileEncoding = 4; lastKnownFileType = sourcecode.c.h; path = "NSManagedObject+dataHelper.h"; sourceTree = "<group>"; };
		793F6FB416EF7BF700C2FDFD /* NSManagedObject+dataHelper.m */ = {isa = PBXFileReference; fileEncoding = 4; lastKnownFileType = sourcecode.c.objc; path = "NSManagedObject+dataHelper.m"; sourceTree = "<group>"; };
		8378F56B16D53CF000406E2A /* Feb20_vokalAPI.app */ = {isa = PBXFileReference; explicitFileType = wrapper.application; includeInIndex = 0; path = Feb20_vokalAPI.app; sourceTree = BUILT_PRODUCTS_DIR; };
		8378F56E16D53CF000406E2A /* UIKit.framework */ = {isa = PBXFileReference; lastKnownFileType = wrapper.framework; name = UIKit.framework; path = System/Library/Frameworks/UIKit.framework; sourceTree = SDKROOT; };
		8378F57016D53CF000406E2A /* Foundation.framework */ = {isa = PBXFileReference; lastKnownFileType = wrapper.framework; name = Foundation.framework; path = System/Library/Frameworks/Foundation.framework; sourceTree = SDKROOT; };
		8378F57216D53CF000406E2A /* CoreGraphics.framework */ = {isa = PBXFileReference; lastKnownFileType = wrapper.framework; name = CoreGraphics.framework; path = System/Library/Frameworks/CoreGraphics.framework; sourceTree = SDKROOT; };
		8378F57616D53CF000406E2A /* Feb20_vokalAPI-Info.plist */ = {isa = PBXFileReference; lastKnownFileType = text.plist.xml; path = "Feb20_vokalAPI-Info.plist"; sourceTree = "<group>"; };
		8378F57816D53CF000406E2A /* en */ = {isa = PBXFileReference; lastKnownFileType = text.plist.strings; name = en; path = en.lproj/InfoPlist.strings; sourceTree = "<group>"; };
		8378F57A16D53CF000406E2A /* main.m */ = {isa = PBXFileReference; lastKnownFileType = sourcecode.c.objc; path = main.m; sourceTree = "<group>"; };
		8378F57C16D53CF000406E2A /* Feb20_vokalAPI-Prefix.pch */ = {isa = PBXFileReference; lastKnownFileType = sourcecode.c.h; path = "Feb20_vokalAPI-Prefix.pch"; sourceTree = "<group>"; };
		8378F57D16D53CF000406E2A /* MMAppDelegate.h */ = {isa = PBXFileReference; lastKnownFileType = sourcecode.c.h; path = MMAppDelegate.h; sourceTree = "<group>"; };
		8378F57E16D53CF000406E2A /* MMAppDelegate.m */ = {isa = PBXFileReference; lastKnownFileType = sourcecode.c.objc; path = MMAppDelegate.m; sourceTree = "<group>"; };
		8378F58016D53CF000406E2A /* Default.png */ = {isa = PBXFileReference; lastKnownFileType = image.png; path = Default.png; sourceTree = "<group>"; };
		8378F58216D53CF000406E2A /* Default@2x.png */ = {isa = PBXFileReference; lastKnownFileType = image.png; path = "Default@2x.png"; sourceTree = "<group>"; };
		8378F58416D53CF000406E2A /* Default-568h@2x.png */ = {isa = PBXFileReference; lastKnownFileType = image.png; path = "Default-568h@2x.png"; sourceTree = "<group>"; };
		8378F58716D53CF000406E2A /* en */ = {isa = PBXFileReference; lastKnownFileType = file.storyboard; name = en; path = en.lproj/MainStoryboard.storyboard; sourceTree = "<group>"; };
		8378F58916D53CF000406E2A /* MMViewController.h */ = {isa = PBXFileReference; lastKnownFileType = sourcecode.c.h; path = MMViewController.h; sourceTree = "<group>"; };
		8378F58A16D53CF000406E2A /* MMViewController.m */ = {isa = PBXFileReference; lastKnownFileType = sourcecode.c.objc; path = MMViewController.m; sourceTree = "<group>"; };
		83A56A4616F257C400BD75D7 /* Person.h */ = {isa = PBXFileReference; fileEncoding = 4; lastKnownFileType = sourcecode.c.h; path = Person.h; sourceTree = "<group>"; };
		83A56A4716F257C400BD75D7 /* Person.m */ = {isa = PBXFileReference; fileEncoding = 4; lastKnownFileType = sourcecode.c.objc; path = Person.m; sourceTree = "<group>"; };
		83A56A4916F257C400BD75D7 /* Geek.h */ = {isa = PBXFileReference; fileEncoding = 4; lastKnownFileType = sourcecode.c.h; path = Geek.h; sourceTree = "<group>"; };
		83A56A4A16F257C400BD75D7 /* Geek.m */ = {isa = PBXFileReference; fileEncoding = 4; lastKnownFileType = sourcecode.c.objc; path = Geek.m; sourceTree = "<group>"; };
		83A56A4C16F257C400BD75D7 /* Freak.h */ = {isa = PBXFileReference; fileEncoding = 4; lastKnownFileType = sourcecode.c.h; path = Freak.h; sourceTree = "<group>"; };
		83A56A4D16F257C400BD75D7 /* Freak.m */ = {isa = PBXFileReference; fileEncoding = 4; lastKnownFileType = sourcecode.c.objc; path = Freak.m; sourceTree = "<group>"; };
		93C346B016EE598E00BB8B52 /* Model.xcdatamodel */ = {isa = PBXFileReference; lastKnownFileType = wrapper.xcdatamodel; path = Model.xcdatamodel; sourceTree = "<group>"; };
		93C346B516EE5E4200BB8B52 /* CoreData.framework */ = {isa = PBXFileReference; lastKnownFileType = wrapper.framework; name = CoreData.framework; path = System/Library/Frameworks/CoreData.framework; sourceTree = SDKROOT; };
/* End PBXFileReference section */

/* Begin PBXFrameworksBuildPhase section */
		8378F56816D53CF000406E2A /* Frameworks */ = {
			isa = PBXFrameworksBuildPhase;
			buildActionMask = 2147483647;
			files = (
				93C346B616EE5E4200BB8B52 /* CoreData.framework in Frameworks */,
				8378F56F16D53CF000406E2A /* UIKit.framework in Frameworks */,
				8378F57116D53CF000406E2A /* Foundation.framework in Frameworks */,
				8378F57316D53CF000406E2A /* CoreGraphics.framework in Frameworks */,
			);
			runOnlyForDeploymentPostprocessing = 0;
		};
/* End PBXFrameworksBuildPhase section */

/* Begin PBXGroup section */
		8378F56216D53CF000406E2A = {
			isa = PBXGroup;
			children = (
				93C346B516EE5E4200BB8B52 /* CoreData.framework */,
				8378F57416D53CF000406E2A /* Feb20_vokalAPI */,
				8378F56D16D53CF000406E2A /* Frameworks */,
				8378F56C16D53CF000406E2A /* Products */,
			);
			sourceTree = "<group>";
		};
		8378F56C16D53CF000406E2A /* Products */ = {
			isa = PBXGroup;
			children = (
				8378F56B16D53CF000406E2A /* Feb20_vokalAPI.app */,
			);
			name = Products;
			sourceTree = "<group>";
		};
		8378F56D16D53CF000406E2A /* Frameworks */ = {
			isa = PBXGroup;
			children = (
				8378F56E16D53CF000406E2A /* UIKit.framework */,
				8378F57016D53CF000406E2A /* Foundation.framework */,
				8378F57216D53CF000406E2A /* CoreGraphics.framework */,
			);
			name = Frameworks;
			sourceTree = "<group>";
		};
		8378F57416D53CF000406E2A /* Feb20_vokalAPI */ = {
			isa = PBXGroup;
			children = (
				8378F57D16D53CF000406E2A /* MMAppDelegate.h */,
				8378F57E16D53CF000406E2A /* MMAppDelegate.m */,
				793F6FB316EF7BF700C2FDFD /* NSManagedObject+dataHelper.h */,
				793F6FB416EF7BF700C2FDFD /* NSManagedObject+dataHelper.m */,
				8378F58616D53CF000406E2A /* MainStoryboard.storyboard */,
				8378F58916D53CF000406E2A /* MMViewController.h */,
				8378F58A16D53CF000406E2A /* MMViewController.m */,
				8378F57516D53CF000406E2A /* Supporting Files */,
				83A56A4C16F257C400BD75D7 /* Freak.h */,
				83A56A4D16F257C400BD75D7 /* Freak.m */,
				83A56A4916F257C400BD75D7 /* Geek.h */,
				83A56A4A16F257C400BD75D7 /* Geek.m */,
				83A56A4616F257C400BD75D7 /* Person.h */,
				83A56A4716F257C400BD75D7 /* Person.m */,
				93C346AF16EE598E00BB8B52 /* Model.xcdatamodeld */,
			);
			path = Feb20_vokalAPI;
			sourceTree = "<group>";
		};
		8378F57516D53CF000406E2A /* Supporting Files */ = {
			isa = PBXGroup;
			children = (
				8378F57616D53CF000406E2A /* Feb20_vokalAPI-Info.plist */,
				8378F57716D53CF000406E2A /* InfoPlist.strings */,
				8378F57A16D53CF000406E2A /* main.m */,
				8378F57C16D53CF000406E2A /* Feb20_vokalAPI-Prefix.pch */,
				8378F58016D53CF000406E2A /* Default.png */,
				8378F58216D53CF000406E2A /* Default@2x.png */,
				8378F58416D53CF000406E2A /* Default-568h@2x.png */,
			);
			name = "Supporting Files";
			sourceTree = "<group>";
		};
/* End PBXGroup section */

/* Begin PBXNativeTarget section */
		8378F56A16D53CF000406E2A /* Feb20_vokalAPI */ = {
			isa = PBXNativeTarget;
			buildConfigurationList = 8378F58E16D53CF000406E2A /* Build configuration list for PBXNativeTarget "Feb20_vokalAPI" */;
			buildPhases = (
				8378F56716D53CF000406E2A /* Sources */,
				8378F56816D53CF000406E2A /* Frameworks */,
				8378F56916D53CF000406E2A /* Resources */,
			);
			buildRules = (
			);
			dependencies = (
			);
			name = Feb20_vokalAPI;
			productName = Feb20_vokalAPI;
			productReference = 8378F56B16D53CF000406E2A /* Feb20_vokalAPI.app */;
			productType = "com.apple.product-type.application";
		};
/* End PBXNativeTarget section */

/* Begin PBXProject section */
		8378F56316D53CF000406E2A /* Project object */ = {
			isa = PBXProject;
			attributes = {
				CLASSPREFIX = MM;
				LastUpgradeCheck = 0460;
				ORGANIZATIONNAME = "Genius and Madness";
			};
			buildConfigurationList = 8378F56616D53CF000406E2A /* Build configuration list for PBXProject "Feb20_vokalAPI" */;
			compatibilityVersion = "Xcode 3.2";
			developmentRegion = English;
			hasScannedForEncodings = 0;
			knownRegions = (
				en,
			);
			mainGroup = 8378F56216D53CF000406E2A;
			productRefGroup = 8378F56C16D53CF000406E2A /* Products */;
			projectDirPath = "";
			projectRoot = "";
			targets = (
				8378F56A16D53CF000406E2A /* Feb20_vokalAPI */,
			);
		};
/* End PBXProject section */

/* Begin PBXResourcesBuildPhase section */
		8378F56916D53CF000406E2A /* Resources */ = {
			isa = PBXResourcesBuildPhase;
			buildActionMask = 2147483647;
			files = (
				8378F57916D53CF000406E2A /* InfoPlist.strings in Resources */,
				8378F58116D53CF000406E2A /* Default.png in Resources */,
				8378F58316D53CF000406E2A /* Default@2x.png in Resources */,
				8378F58516D53CF000406E2A /* Default-568h@2x.png in Resources */,
				8378F58816D53CF000406E2A /* MainStoryboard.storyboard in Resources */,
			);
			runOnlyForDeploymentPostprocessing = 0;
		};
/* End PBXResourcesBuildPhase section */

/* Begin PBXSourcesBuildPhase section */
		8378F56716D53CF000406E2A /* Sources */ = {
			isa = PBXSourcesBuildPhase;
			buildActionMask = 2147483647;
			files = (
				8378F57B16D53CF000406E2A /* main.m in Sources */,
				8378F57F16D53CF000406E2A /* MMAppDelegate.m in Sources */,
				8378F58B16D53CF000406E2A /* MMViewController.m in Sources */,
				93C346B116EE598E00BB8B52 /* Model.xcdatamodeld in Sources */,
				793F6FB516EF7BF700C2FDFD /* NSManagedObject+dataHelper.m in Sources */,
				83A56A4816F257C400BD75D7 /* Person.m in Sources */,
				83A56A4B16F257C400BD75D7 /* Geek.m in Sources */,
				83A56A4E16F257C400BD75D7 /* Freak.m in Sources */,
			);
			runOnlyForDeploymentPostprocessing = 0;
		};
/* End PBXSourcesBuildPhase section */

/* Begin PBXVariantGroup section */
		8378F57716D53CF000406E2A /* InfoPlist.strings */ = {
			isa = PBXVariantGroup;
			children = (
				8378F57816D53CF000406E2A /* en */,
			);
			name = InfoPlist.strings;
			sourceTree = "<group>";
		};
		8378F58616D53CF000406E2A /* MainStoryboard.storyboard */ = {
			isa = PBXVariantGroup;
			children = (
				8378F58716D53CF000406E2A /* en */,
			);
			name = MainStoryboard.storyboard;
			sourceTree = "<group>";
		};
/* End PBXVariantGroup section */

/* Begin XCBuildConfiguration section */
		8378F58C16D53CF000406E2A /* Debug */ = {
			isa = XCBuildConfiguration;
			buildSettings = {
				ALWAYS_SEARCH_USER_PATHS = NO;
				CLANG_CXX_LANGUAGE_STANDARD = "gnu++0x";
				CLANG_CXX_LIBRARY = "libc++";
				CLANG_ENABLE_OBJC_ARC = YES;
				CLANG_WARN_CONSTANT_CONVERSION = YES;
				CLANG_WARN_EMPTY_BODY = YES;
				CLANG_WARN_ENUM_CONVERSION = YES;
				CLANG_WARN_INT_CONVERSION = YES;
				CLANG_WARN__DUPLICATE_METHOD_MATCH = YES;
				"CODE_SIGN_IDENTITY[sdk=iphoneos*]" = "iPhone Developer";
				COPY_PHASE_STRIP = NO;
				GCC_C_LANGUAGE_STANDARD = gnu99;
				GCC_DYNAMIC_NO_PIC = NO;
				GCC_OPTIMIZATION_LEVEL = 0;
				GCC_PREPROCESSOR_DEFINITIONS = (
					"DEBUG=1",
					"$(inherited)",
				);
				GCC_SYMBOLS_PRIVATE_EXTERN = NO;
				GCC_WARN_ABOUT_RETURN_TYPE = YES;
				GCC_WARN_UNINITIALIZED_AUTOS = YES;
				GCC_WARN_UNUSED_VARIABLE = YES;
				IPHONEOS_DEPLOYMENT_TARGET = 6.1;
				ONLY_ACTIVE_ARCH = YES;
				SDKROOT = iphoneos;
			};
			name = Debug;
		};
		8378F58D16D53CF000406E2A /* Release */ = {
			isa = XCBuildConfiguration;
			buildSettings = {
				ALWAYS_SEARCH_USER_PATHS = NO;
				CLANG_CXX_LANGUAGE_STANDARD = "gnu++0x";
				CLANG_CXX_LIBRARY = "libc++";
				CLANG_ENABLE_OBJC_ARC = YES;
				CLANG_WARN_CONSTANT_CONVERSION = YES;
				CLANG_WARN_EMPTY_BODY = YES;
				CLANG_WARN_ENUM_CONVERSION = YES;
				CLANG_WARN_INT_CONVERSION = YES;
				CLANG_WARN__DUPLICATE_METHOD_MATCH = YES;
				"CODE_SIGN_IDENTITY[sdk=iphoneos*]" = "iPhone Developer";
				COPY_PHASE_STRIP = YES;
				GCC_C_LANGUAGE_STANDARD = gnu99;
				GCC_WARN_ABOUT_RETURN_TYPE = YES;
				GCC_WARN_UNINITIALIZED_AUTOS = YES;
				GCC_WARN_UNUSED_VARIABLE = YES;
				IPHONEOS_DEPLOYMENT_TARGET = 6.1;
				OTHER_CFLAGS = "-DNS_BLOCK_ASSERTIONS=1";
				SDKROOT = iphoneos;
				VALIDATE_PRODUCT = YES;
			};
			name = Release;
		};
		8378F58F16D53CF000406E2A /* Debug */ = {
			isa = XCBuildConfiguration;
			buildSettings = {
				GCC_PRECOMPILE_PREFIX_HEADER = YES;
				GCC_PREFIX_HEADER = "Feb20_vokalAPI/Feb20_vokalAPI-Prefix.pch";
				INFOPLIST_FILE = "Feb20_vokalAPI/Feb20_vokalAPI-Info.plist";
				PRODUCT_NAME = "$(TARGET_NAME)";
				WRAPPER_EXTENSION = app;
			};
			name = Debug;
		};
		8378F59016D53CF000406E2A /* Release */ = {
			isa = XCBuildConfiguration;
			buildSettings = {
				GCC_PRECOMPILE_PREFIX_HEADER = YES;
				GCC_PREFIX_HEADER = "Feb20_vokalAPI/Feb20_vokalAPI-Prefix.pch";
				INFOPLIST_FILE = "Feb20_vokalAPI/Feb20_vokalAPI-Info.plist";
				PRODUCT_NAME = "$(TARGET_NAME)";
				WRAPPER_EXTENSION = app;
			};
			name = Release;
		};
/* End XCBuildConfiguration section */

/* Begin XCConfigurationList section */
		8378F56616D53CF000406E2A /* Build configuration list for PBXProject "Feb20_vokalAPI" */ = {
			isa = XCConfigurationList;
			buildConfigurations = (
				8378F58C16D53CF000406E2A /* Debug */,
				8378F58D16D53CF000406E2A /* Release */,
			);
			defaultConfigurationIsVisible = 0;
			defaultConfigurationName = Release;
		};
		8378F58E16D53CF000406E2A /* Build configuration list for PBXNativeTarget "Feb20_vokalAPI" */ = {
			isa = XCConfigurationList;
			buildConfigurations = (
				8378F58F16D53CF000406E2A /* Debug */,
				8378F59016D53CF000406E2A /* Release */,
			);
			defaultConfigurationIsVisible = 0;
			defaultConfigurationName = Release;
		};
/* End XCConfigurationList section */

/* Begin XCVersionGroup section */
		93C346AF16EE598E00BB8B52 /* Model.xcdatamodeld */ = {
			isa = XCVersionGroup;
			children = (
				93C346B016EE598E00BB8B52 /* Model.xcdatamodel */,
			);
			currentVersion = 93C346B016EE598E00BB8B52 /* Model.xcdatamodel */;
			path = Model.xcdatamodeld;
			sourceTree = "<group>";
			versionGroupType = wrapper.xcdatamodel;
		};
/* End XCVersionGroup section */
	};
	rootObject = 8378F56316D53CF000406E2A /* Project object */;
}
